Microsoft Visual Studio Solution File, Format Version 12.00
# Visual Studio Version 16
VisualStudioVersion = 16.0.0.0
MinimumVisualStudioVersion = 16.0.0.0
Project("{9A19103F-16F7-4668-BE54-9A1E7A4F7556}") = "FluxoVeicularWeb", "FluxoVeicularWeb\FluxoVeicularWeb.csproj", "{7E7B4420-F648-4449-8668-60431D9EEAFB}"
EndProject
Project("{9A19103F-16F7-4668-BE54-9A1E7A4F7556}") = "FluxoVeicularWeb.Client", "FluxoVeicularWeb.Client\FluxoVeicularWeb.Client.csproj", "{F01C00EC-9A41-42A5-9E1A-0B80B86B2C23}"
EndProject
Global
	GlobalSection(SolutionConfigurationPlatforms) = preSolution
		Debug|Any CPU = Debug|Any CPU
		Debug|x64 = Debug|x64
		Debug|x86 = Debug|x86
		Release|Any CPU = Release|Any CPU
		Release|x64 = Release|x64
		Release|x86 = Release|x86
	EndGlobalSection
	GlobalSection(ProjectConfigurationPlatforms) = postSolution
		{F01C00EC-9A41-42A5-9E1A-0B80B86B2C23}.Debug|Any CPU.ActiveCfg = Debug|Any CPU
		{F01C00EC-9A41-42A5-9E1A-0B80B86B2C23}.Debug|Any CPU.Build.0 = Debug|Any CPU
		{F01C00EC-9A41-42A5-9E1A-0B80B86B2C23}.Debug|x64.ActiveCfg = Debug|Any CPU
		{F01C00EC-9A41-42A5-9E1A-0B80B86B2C23}.Debug|x64.Build.0 = Debug|Any CPU
		{F01C00EC-9A41-42A5-9E1A-0B80B86B2C23}.Debug|x86.ActiveCfg = Debug|Any CPU
		{F01C00EC-9A41-42A5-9E1A-0B80B86B2C23}.Debug|x86.Build.0 = Debug|Any CPU
		{F01C00EC-9A41-42A5-9E1A-0B80B86B2C23}.Release|Any CPU.ActiveCfg = Release|Any CPU
		{F01C00EC-9A41-42A5-9E1A-0B80B86B2C23}.Release|Any CPU.Build.0 = Release|Any CPU
		{F01C00EC-9A41-42A5-9E1A-0B80B86B2C23}.Release|x64.ActiveCfg = Release|Any CPU
		{F01C00EC-9A41-42A5-9E1A-0B80B86B2C23}.Release|x64.Build.0 = Release|Any CPU
		{F01C00EC-9A41-42A5-9E1A-0B80B86B2C23}.Release|x86.ActiveCfg = Release|Any CPU
		{F01C00EC-9A41-42A5-9E1A-0B80B86B2C23}.Release|x86.Build.0 = Release|Any CPU
		{7E7B4420-F648-4449-8668-60431D9EEAFB}.Debug|Any CPU.ActiveCfg = Debug|Any CPU
		{7E7B4420-F648-4449-8668-60431D9EEAFB}.Debug|Any CPU.Build.0 = Debug|Any CPU
		{7E7B4420-F648-4449-8668-60431D9EEAFB}.Debug|x64.ActiveCfg = Debug|Any CPU
		{7E7B4420-F648-4449-8668-60431D9EEAFB}.Debug|x64.Build.0 = Debug|Any CPU
		{7E7B4420-F648-4449-8668-60431D9EEAFB}.Debug|x86.ActiveCfg = Debug|Any CPU
		{7E7B4420-F648-4449-8668-60431D9EEAFB}.Debug|x86.Build.0 = Debug|Any CPU
		{7E7B4420-F648-4449-8668-60431D9EEAFB}.Release|Any CPU.ActiveCfg = Release|Any CPU
		{7E7B4420-F648-4449-8668-60431D9EEAFB}.Release|Any CPU.Build.0 = Release|Any CPU
		{7E7B4420-F648-4449-8668-60431D9EEAFB}.Release|x64.ActiveCfg = Release|Any CPU
		{7E7B4420-F648-4449-8668-60431D9EEAFB}.Release|x64.Build.0 = Release|Any CPU
		{7E7B4420-F648-4449-8668-60431D9EEAFB}.Release|x86.ActiveCfg = Release|Any CPU
		{7E7B4420-F648-4449-8668-60431D9EEAFB}.Release|x86.Build.0 = Release|Any CPU
	EndGlobalSection
	GlobalSection(SolutionProperties) = preSolution
		HideSolutionNode = FALSE
	EndGlobalSection
	GlobalSection(ExtensibilityGlobals) = postSolution
		SolutionGuid = {61C26889-F9A7-4D05-BACD-50F052902188}
	EndGlobalSection
EndGlobal
